
Microsoft Visual Studio Solution File, Format Version 12.00
Project("{FAE04EC0-301F-11D3-BF4B-00C04F79EFBC}") = "ServiceConsumer", "ServiceConsumer\ServiceConsumer.csproj", "{50CC1E65-6EB2-4CB6-987C-AB1BD5F7B82E}"
EndProject
Global
	GlobalSection(SolutionConfigurationPlatforms) = preSolution
		Debug|Any CPU = Debug|Any CPU
		Release|Any CPU = Release|Any CPU
	EndGlobalSection
	GlobalSection(ProjectConfigurationPlatforms) = postSolution
		{50CC1E65-6EB2-4CB6-987C-AB1BD5F7B82E}.Debug|Any CPU.ActiveCfg = Debug|Any CPU
		{50CC1E65-6EB2-4CB6-987C-AB1BD5F7B82E}.Debug|Any CPU.Build.0 = Debug|Any CPU
		{50CC1E65-6EB2-4CB6-987C-AB1BD5F7B82E}.Release|Any CPU.ActiveCfg = Release|Any CPU
		{50CC1E65-6EB2-4CB6-987C-AB1BD5F7B82E}.Release|Any CPU.Build.0 = Release|Any CPU
	EndGlobalSection
EndGlobal
